
Microsoft Visual Studio Solution File, Format Version 12.00
# Visual Studio Version 16
VisualStudioVersion = 16.0.30320.27
MinimumVisualStudioVersion = 10.0.40219.1
Project("{FAE04EC0-301F-11D3-BF4B-00C04F79EFBC}") = "QuanLyQuanCafe", "QuanLyQuanCafe.csproj", "{39F045E3-FC26-4B09-9C67-618DBF2A8A60}"
EndProject
Global
	GlobalSection(SolutionConfigurationPlatforms) = preSolution
		Debug|Any CPU = Debug|Any CPU
		Release|Any CPU = Release|Any CPU
	EndGlobalSection
	GlobalSection(ProjectConfigurationPlatforms) = postSolution
		{39F045E3-FC26-4B09-9C67-618DBF2A8A60}.Debug|Any CPU.ActiveCfg = Debug|Any CPU
		{39F045E3-FC26-4B09-9C67-618DBF2A8A60}.Debug|Any CPU.Build.0 = Debug|Any CPU
		{39F045E3-FC26-4B09-9C67-618DBF2A8A60}.Release|Any CPU.ActiveCfg = Release|Any CPU
		{39F045E3-FC26-4B09-9C67-618DBF2A8A60}.Release|Any CPU.Build.0 = Release|Any CPU
	EndGlobalSection
	GlobalSection(SolutionProperties) = preSolution
		HideSolutionNode = FALSE
	EndGlobalSection
	GlobalSection(ExtensibilityGlobals) = postSolution
		SolutionGuid = {9CBBA24F-CADF-41B8-8B55-37B9B7EC33AE}
	EndGlobalSection
EndGlobal
